// !$*UTF8*$!
{
	archiveVersion = 1;
	classes = {
	};
	objectVersion = 46;
	objects = {

/* Begin PBXBuildFile section */
		051403C01D89D25F002E865B /* AppDelegate.swift in Sources */ = {isa = PBXBuildFile; fileRef = 051403BF1D89D25F002E865B /* AppDelegate.swift */; };
		051403C21D89D25F002E865B /* ViewController.swift in Sources */ = {isa = PBXBuildFile; fileRef = 051403C11D89D25F002E865B /* ViewController.swift */; };
		051403C51D89D25F002E865B /* Main.storyboard in Resources */ = {isa = PBXBuildFile; fileRef = 051403C31D89D25F002E865B /* Main.storyboard */; };
		051403C71D89D25F002E865B /* Assets.xcassets in Resources */ = {isa = PBXBuildFile; fileRef = 051403C61D89D25F002E865B /* Assets.xcassets */; };
		051403CA1D89D25F002E865B /* LaunchScreen.storyboard in Resources */ = {isa = PBXBuildFile; fileRef = 051403C81D89D25F002E865B /* LaunchScreen.storyboard */; };
		051403D31D89D665002E865B /* eight-ball.png in Resources */ = {isa = PBXBuildFile; fileRef = 051403D11D89D665002E865B /* eight-ball.png */; };
		051403D41D89D665002E865B /* eight-ball@2x.png in Resources */ = {isa = PBXBuildFile; fileRef = 051403D21D89D665002E865B /* eight-ball@2x.png */; };
		051403D81D8A7070002E865B /* EBIconiPhone@2x.png in Resources */ = {isa = PBXBuildFile; fileRef = 051403D51D8A7070002E865B /* EBIconiPhone@2x.png */; };
		051403D91D8A7070002E865B /* EBIconSettings@2x.png in Resources */ = {isa = PBXBuildFile; fileRef = 051403D61D8A7070002E865B /* EBIconSettings@2x.png */; };
		051403DA1D8A7070002E865B /* EBIconSpotlight@2x.png in Resources */ = {isa = PBXBuildFile; fileRef = 051403D71D8A7070002E865B /* EBIconSpotlight@2x.png */; };
/* End PBXBuildFile section */

/* Begin PBXFileReference section */
		051403BC1D89D25F002E865B /* EightBall.app */ = {isa = PBXFileReference; explicitFileType = wrapper.application; includeInIndex = 0; path = EightBall.app; sourceTree = BUILT_PRODUCTS_DIR; };
		051403BF1D89D25F002E865B /* AppDelegate.swift */ = {isa = PBXFileReference; lastKnownFileType = sourcecode.swift; path = AppDelegate.swift; sourceTree = "<group>"; };
		051403C11D89D25F002E865B /* ViewController.swift */ = {isa = PBXFileReference; lastKnownFileType = sourcecode.swift; path = ViewController.swift; sourceTree = "<group>"; };
		051403C41D89D25F002E865B /* Base */ = {isa = PBXFileReference; lastKnownFileType = file.storyboard; name = Base; path = Base.lproj/Main.storyboard; sourceTree = "<group>"; };
		051403C61D89D25F002E865B /* Assets.xcassets */ = {isa = PBXFileReference; lastKnownFileType = folder.assetcatalog; path = Assets.xcassets; sourceTree = "<group>"; };
		051403C91D89D25F002E865B /* Base */ = {isa = PBXFileReference; lastKnownFileType = file.storyboard; name = Base; path = Base.lproj/LaunchScreen.storyboard; sourceTree = "<group>"; };
		051403CB1D89D25F002E865B /* Info.plist */ = {isa = PBXFileReference; lastKnownFileType = text.plist.xml; path = Info.plist; sourceTree = "<group>"; };
		051403D11D89D665002E865B /* eight-ball.png */ = {isa = PBXFileReference; lastKnownFileType = image.png; path = "eight-ball.png"; sourceTree = "<group>"; };
		051403D21D89D665002E865B /* eight-ball@2x.png */ = {isa = PBXFileReference; lastKnownFileType = image.png; path = "eight-ball@2x.png"; sourceTree = "<group>"; };
		051403D51D8A7070002E865B /* EBIconiPhone@2x.png */ = {isa = PBXFileReference; lastKnownFileType = image.png; path = "EBIconiPhone@2x.png"; sourceTree = "<group>"; };
		051403D61D8A7070002E865B /* EBIconSettings@2x.png */ = {isa = PBXFileReference; lastKnownFileType = image.png; path = "EBIconSettings@2x.png"; sourceTree = "<group>"; };
		051403D71D8A7070002E865B /* EBIconSpotlight@2x.png */ = {isa = PBXFileReference; lastKnownFileType = image.png; path = "EBIconSpotlight@2x.png"; sourceTree = "<group>"; };
/* End PBXFileReference section */

/* Begin PBXFrameworksBuildPhase section */
		051403B91D89D25F002E865B /* Frameworks */ = {
			isa = PBXFrameworksBuildPhase;
			buildActionMask = 2147483647;
			files = (
			);
			runOnlyForDeploymentPostprocessing = 0;
		};
/* End PBXFrameworksBuildPhase section */

/* Begin PBXGroup section */
		051403B31D89D25F002E865B = {
			isa = PBXGroup;
			children = (
				051403BE1D89D25F002E865B /* EightBall */,
				051403BD1D89D25F002E865B /* Products */,
			);
			sourceTree = "<group>";
		};
		051403BD1D89D25F002E865B /* Products */ = {
			isa = PBXGroup;
			children = (
				051403BC1D89D25F002E865B /* EightBall.app */,
			);
			name = Products;
			sourceTree = "<group>";
		};
		051403BE1D89D25F002E865B /* EightBall */ = {
			isa = PBXGroup;
			children = (
				051403BF1D89D25F002E865B /* AppDelegate.swift */,
				051403C11D89D25F002E865B /* ViewController.swift */,
				051403C31D89D25F002E865B /* Main.storyboard */,
				051403C61D89D25F002E865B /* Assets.xcassets */,
				051403D51D8A7070002E865B /* EBIconiPhone@2x.png */,
				051403D61D8A7070002E865B /* EBIconSettings@2x.png */,
				051403D71D8A7070002E865B /* EBIconSpotlight@2x.png */,
				051403D11D89D665002E865B /* eight-ball.png */,
				051403D21D89D665002E865B /* eight-ball@2x.png */,
				051403C81D89D25F002E865B /* LaunchScreen.storyboard */,
				051403CB1D89D25F002E865B /* Info.plist */,
			);
			path = EightBall;
			sourceTree = "<group>";
		};
/* End PBXGroup section */

/* Begin PBXNativeTarget section */
		051403BB1D89D25F002E865B /* EightBall */ = {
			isa = PBXNativeTarget;
			buildConfigurationList = 051403CE1D89D25F002E865B /* Build configuration list for PBXNativeTarget "EightBall" */;
			buildPhases = (
				051403B81D89D25F002E865B /* Sources */,
				051403B91D89D25F002E865B /* Frameworks */,
				051403BA1D89D25F002E865B /* Resources */,
			);
			buildRules = (
			);
			dependencies = (
			);
			name = EightBall;
			productName = EightBall;
			productReference = 051403BC1D89D25F002E865B /* EightBall.app */;
			productType = "com.apple.product-type.application";
		};
/* End PBXNativeTarget section */

/* Begin PBXProject section */
		051403B41D89D25F002E865B /* Project object */ = {
			isa = PBXProject;
			attributes = {
				LastSwiftUpdateCheck = 0730;
				LastUpgradeCheck = 0730;
				ORGANIZATIONNAME = BigRedINC;
				TargetAttributes = {
					051403BB1D89D25F002E865B = {
						CreatedOnToolsVersion = 7.3.1;
					};
				};
			};
			buildConfigurationList = 051403B71D89D25F002E865B /* Build configuration list for PBXProject "EightBall" */;
			compatibilityVersion = "Xcode 3.2";
			developmentRegion = English;
			hasScannedForEncodings = 0;
			knownRegions = (
				en,
				Base,
			);
			mainGroup = 051403B31D89D25F002E865B;
			productRefGroup = 051403BD1D89D25F002E865B /* Products */;
			projectDirPath = "";
			projectRoot = "";
			targets = (
				051403BB1D89D25F002E865B /* EightBall */,
			);
		};
/* End PBXProject section */

/* Begin PBXResourcesBuildPhase section */
		051403BA1D89D25F002E865B /* Resources */ = {
			isa = PBXResourcesBuildPhase;
			buildActionMask = 2147483647;
			files = (
				051403D41D89D665002E865B /* eight-ball@2x.png in Resources */,
				051403DA1D8A7070002E865B /* EBIconSpotlight@2x.png in Resources */,
				051403D91D8A7070002E865B /* EBIconSettings@2x.png in Resources */,
				051403D81D8A7070002E865B /* EBIconiPhone@2x.png in Resources */,
				051403CA1D89D25F002E865B /* LaunchScreen.storyboard in Resources */,
				051403C71D89D25F002E865B /* Assets.xcassets in Resources */,
				051403D31D89D665002E865B /* eight-ball.png in Resources */,
				051403C51D89D25F002E865B /* Main.storyboard in Resources */,
			);
			runOnlyForDeploymentPostprocessing = 0;
		};
/* End PBXResourcesBuildPhase section */

/* Begin PBXSourcesBuildPhase section */
		051403B81D89D25F002E865B /* Sources */ = {
			isa = PBXSourcesBuildPhase;
			buildActionMask = 2147483647;
			files = (
				051403C21D89D25F002E865B /* ViewController.swift in Sources */,
				051403C01D89D25F002E865B /* AppDelegate.swift in Sources */,
			);
			runOnlyForDeploymentPostprocessing = 0;
		};
/* End PBXSourcesBuildPhase section */

/* Begin PBXVariantGroup section */
		051403C31D89D25F002E865B /* Main.storyboard */ = {
			isa = PBXVariantGroup;
			children = (
				051403C41D89D25F002E865B /* Base */,
			);
			name = Main.storyboard;
			sourceTree = "<group>";
		};
		051403C81D89D25F002E865B /* LaunchScreen.storyboard */ = {
			isa = PBXVariantGroup;
			children = (
				051403C91D89D25F002E865B /* Base */,
			);
			name = LaunchScreen.storyboard;
			sourceTree = "<group>";
		};
/* End PBXVariantGroup section */

/* Begin XCBuildConfiguration section */
		051403CC1D89D25F002E865B /* Debug */ = {
			isa = XCBuildConfiguration;
			buildSettings = {
				ALWAYS_SEARCH_USER_PATHS = NO;
				CLANG_ANALYZER_NONNULL = YES;
				CLANG_CXX_LANGUAGE_STANDARD = "gnu++0x";
				CLANG_CXX_LIBRARY = "libc++";
				CLANG_ENABLE_MODULES = YES;
				CLANG_ENABLE_OBJC_ARC = YES;
				CLANG_WARN_BOOL_CONVERSION = YES;
				CLANG_WARN_CONSTANT_CONVERSION = YES;
				CLANG_WARN_DIRECT_OBJC_ISA_USAGE = YES_ERROR;
				CLANG_WARN_EMPTY_BODY = YES;
				CLANG_WARN_ENUM_CONVERSION = YES;
				CLANG_WARN_INT_CONVERSION = YES;
				CLANG_WARN_OBJC_ROOT_CLASS = YES_ERROR;
				CLANG_WARN_UNREACHABLE_CODE = YES;
				CLANG_WARN__DUPLICATE_METHOD_MATCH = YES;
				"CODE_SIGN_IDENTITY[sdk=iphoneos*]" = "iPhone Developer";
				COPY_PHASE_STRIP = NO;
				DEBUG_INFORMATION_FORMAT = dwarf;
				ENABLE_STRICT_OBJC_MSGSEND = YES;
				ENABLE_TESTABILITY = YES;
				GCC_C_LANGUAGE_STANDARD = gnu99;
				GCC_DYNAMIC_NO_PIC = NO;
				GCC_NO_COMMON_BLOCKS = YES;
				GCC_OPTIMIZATION_LEVEL = 0;
				GCC_PREPROCESSOR_DEFINITIONS = (
					"DEBUG=1",
					"$(inherited)",
				);
				GCC_WARN_64_TO_32_BIT_CONVERSION = YES;
				GCC_WARN_ABOUT_RETURN_TYPE = YES_ERROR;
				GCC_WARN_UNDECLARED_SELECTOR = YES;
				GCC_WARN_UNINITIALIZED_AUTOS = YES_AGGRESSIVE;
				GCC_WARN_UNUSED_FUNCTION = YES;
				GCC_WARN_UNUSED_VARIABLE = YES;
				IPHONEOS_DEPLOYMENT_TARGET = 9.3;
				MTL_ENABLE_DEBUG_INFO = YES;
				ONLY_ACTIVE_ARCH = YES;
				SDKROOT = iphoneos;
				SWIFT_OPTIMIZATION_LEVEL = "-Onone";
			};
			name = Debug;
		};
		051403CD1D89D25F002E865B /* Release */ = {
			isa = XCBuildConfiguration;
			buildSettings = {
				ALWAYS_SEARCH_USER_PATHS = NO;
				CLANG_ANALYZER_NONNULL = YES;
				CLANG_CXX_LANGUAGE_STANDARD = "gnu++0x";
				CLANG_CXX_LIBRARY = "libc++";
				CLANG_ENABLE_MODULES = YES;
				CLANG_ENABLE_OBJC_ARC = YES;
				CLANG_WARN_BOOL_CONVERSION = YES;
				CLANG_WARN_CONSTANT_CONVERSION = YES;
				CLANG_WARN_DIRECT_OBJC_ISA_USAGE = YES_ERROR;
				CLANG_WARN_EMPTY_BODY = YES;
				CLANG_WARN_ENUM_CONVERSION = YES;
				CLANG_WARN_INT_CONVERSION = YES;
				CLANG_WARN_OBJC_ROOT_CLASS = YES_ERROR;
				CLANG_WARN_UNREACHABLE_CODE = YES;
				CLANG_WARN__DUPLICATE_METHOD_MATCH = YES;
				"CODE_SIGN_IDENTITY[sdk=iphoneos*]" = "iPhone Developer";
				COPY_PHASE_STRIP = NO;
				DEBUG_INFORMATION_FORMAT = "dwarf-with-dsym";
				ENABLE_NS_ASSERTIONS = NO;
				ENABLE_STRICT_OBJC_MSGSEND = YES;
				GCC_C_LANGUAGE_STANDARD = gnu99;
				GCC_NO_COMMON_BLOCKS = YES;
				GCC_WARN_64_TO_32_BIT_CONVERSION = YES;
				GCC_WARN_ABOUT_RETURN_TYPE = YES_ERROR;
				GCC_WARN_UNDECLARED_SELECTOR = YES;
				GCC_WARN_UNINITIALIZED_AUTOS = YES_AGGRESSIVE;
				GCC_WARN_UNUSED_FUNCTION = YES;
				GCC_WARN_UNUSED_VARIABLE = YES;
				IPHONEOS_DEPLOYMENT_TARGET = 9.3;
				MTL_ENABLE_DEBUG_INFO = NO;
				SDKROOT = iphoneos;
				VALIDATE_PRODUCT = YES;
			};
			name = Release;
		};
		051403CF1D89D25F002E865B /* Debug */ = {
			isa = XCBuildConfiguration;
			buildSettings = {
				ASSETCATALOG_COMPILER_APPICON_NAME = AppIcon;
				INFOPLIST_FILE = EightBall/Info.plist;
				LD_RUNPATH_SEARCH_PATHS = "$(inherited) @executable_path/Frameworks";
				PRODUCT_BUNDLE_IDENTIFIER = BIgRedDevelopment.EightBall;
				PRODUCT_NAME = "$(TARGET_NAME)";
			};
			name = Debug;
		};
		051403D01D89D25F002E865B /* Release */ = {
			isa = XCBuildConfiguration;
			buildSettings = {
				ASSETCATALOG_COMPILER_APPICON_NAME = AppIcon;
				INFOPLIST_FILE = EightBall/Info.plist;
				LD_RUNPATH_SEARCH_PATHS = "$(inherited) @executable_path/Frameworks";
				PRODUCT_BUNDLE_IDENTIFIER = BIgRedDevelopment.EightBall;
				PRODUCT_NAME = "$(TARGET_NAME)";
			};
			name = Release;
		};
/* End XCBuildConfiguration section */

/* Begin XCConfigurationList section */
		051403B71D89D25F002E865B /* Build configuration list for PBXProject "EightBall" */ = {
			isa = XCConfigurationList;
			buildConfigurations = (
				051403CC1D89D25F002E865B /* Debug */,
				051403CD1D89D25F002E865B /* Release */,
			);
			defaultConfigurationIsVisible = 0;
			defaultConfigurationName = Release;
		};
		051403CE1D89D25F002E865B /* Build configuration list for PBXNativeTarget "EightBall" */ = {
			isa = XCConfigurationList;
			buildConfigurations = (
				051403CF1D89D25F002E865B /* Debug */,
				051403D01D89D25F002E865B /* Release */,
			);
			defaultConfigurationIsVisible = 0;
		};
/* End XCConfigurationList section */
	};
	rootObject = 051403B41D89D25F002E865B /* Project object */;
}
